
Microsoft Visual Studio Solution File, Format Version 11.00
# Visual Studio 2010
Project("{FAE04EC0-301F-11D3-BF4B-00C04F79EFBC}") = "FileByter", "FileByter\FileByter.csproj", "{DA156778-F00A-4FB9-8059-693160BEE918}"
EndProject
Project("{FAE04EC0-301F-11D3-BF4B-00C04F79EFBC}") = "FileByter.Tests", "FileByter.Tests\FileByter.Tests.csproj", "{42A4D026-539C-45EE-BAEA-9129E00A8B3E}"
EndProject
Global
	GlobalSection(SolutionConfigurationPlatforms) = preSolution
		Debug|Any CPU = Debug|Any CPU
		Release|Any CPU = Release|Any CPU
	EndGlobalSection
	GlobalSection(ProjectConfigurationPlatforms) = postSolution
		{DA156778-F00A-4FB9-8059-693160BEE918}.Debug|Any CPU.ActiveCfg = Debug|Any CPU
		{DA156778-F00A-4FB9-8059-693160BEE918}.Debug|Any CPU.Build.0 = Debug|Any CPU
		{DA156778-F00A-4FB9-8059-693160BEE918}.Release|Any CPU.ActiveCfg = Release|Any CPU
		{DA156778-F00A-4FB9-8059-693160BEE918}.Release|Any CPU.Build.0 = Release|Any CPU
		{42A4D026-539C-45EE-BAEA-9129E00A8B3E}.Debug|Any CPU.ActiveCfg = Debug|Any CPU
		{42A4D026-539C-45EE-BAEA-9129E00A8B3E}.Debug|Any CPU.Build.0 = Debug|Any CPU
		{42A4D026-539C-45EE-BAEA-9129E00A8B3E}.Release|Any CPU.ActiveCfg = Release|Any CPU
		{42A4D026-539C-45EE-BAEA-9129E00A8B3E}.Release|Any CPU.Build.0 = Release|Any CPU
	EndGlobalSection
	GlobalSection(SolutionProperties) = preSolution
		HideSolutionNode = FALSE
	EndGlobalSection
EndGlobal
